{
  "version": 4,
  "terraform_version": "0.12.3",
  "serial": 5,
  "lineage": "dabef35d-e500-ab17-e0d3-ef9e83ddec55",
  "outputs": {
    "instance_id": {
      "value": "i-00363f43472d02625",
      "type": "string"
    },
    "public_ip": {
      "value": "34.222.16.231",
      "type": "string"
    }
  },
  "resources": [
    {
      "mode": "data",
      "type": "aws_ami",
      "name": "amazon-linux-2",
      "provider": "provider.aws",
      "instances": [
        {
          "schema_version": 0,
          "attributes": {
            "architecture": "x86_64",
            "block_device_mappings": [
              {
                "device_name": "/dev/xvda",
                "ebs": {
                  "delete_on_termination": "true",
                  "encrypted": "false",
                  "iops": "0",
                  "snapshot_id": "snap-009ddcc33b2287dda",
                  "volume_size": "8",
                  "volume_type": "gp2"
                },
                "no_device": "",
                "virtual_name": ""
              }
            ],
            "creation_date": "2019-06-11T01:59:27.000Z",
            "description": "Amazon Linux AMI 2018.03.0.20190611 x86_64 HVM gp2",
            "executable_users": null,
            "filter": [
              {
                "name": "name",
                "values": [
                  "amzn-ami-hvm-*-x86_64-gp2"
                ]
              },
              {
                "name": "owner-alias",
                "values": [
                  "amazon"
                ]
              }
            ],
            "hypervisor": "xen",
            "id": "ami-0f2176987ee50226e",
            "image_id": "ami-0f2176987ee50226e",
            "image_location": "amazon/amzn-ami-hvm-2018.03.0.20190611-x86_64-gp2",
            "image_owner_alias": "amazon",
            "image_type": "machine",
            "kernel_id": null,
            "most_recent": true,
            "name": "amzn-ami-hvm-2018.03.0.20190611-x86_64-gp2",
            "name_regex": null,
            "owner_id": "137112412989",
            "owners": [
              "137112412989"
            ],
            "platform": null,
            "product_codes": [],
            "public": true,
            "ramdisk_id": null,
            "root_device_name": "/dev/xvda",
            "root_device_type": "ebs",
            "root_snapshot_id": "snap-009ddcc33b2287dda",
            "sriov_net_support": "simple",
            "state": "available",
            "state_reason": {
              "code": "UNSET",
              "message": "UNSET"
            },
            "tags": {},
            "virtualization_type": "hvm"
          }
        }
      ]
    },
    {
      "mode": "managed",
      "type": "aws_iam_instance_profile",
      "name": "scheduler-profile",
      "provider": "provider.aws",
      "instances": [
        {
          "schema_version": 0,
          "attributes": {
            "arn": "arn:aws:iam::935605334497:instance-profile/scheduler-profile",
            "create_date": "2019-07-30T21:33:22Z",
            "id": "scheduler-profile",
            "name": "scheduler-profile",
            "name_prefix": null,
            "path": "/",
            "role": null,
            "roles": [
              "scheduler-role"
            ],
            "unique_id": "AIPA5TVTMOHQW5COQGPS6"
          },
          "private": "bnVsbA==",
          "depends_on": [
            "aws_iam_role.scheduler-role"
          ]
        }
      ]
    },
    {
      "mode": "managed",
      "type": "aws_iam_policy_attachment",
      "name": "attach-to-scheduler",
      "provider": "provider.aws",
      "instances": [
        {
          "status": "tainted",
          "schema_version": 0,
          "attributes": {
            "groups": null,
            "id": "attach-to-scheduler",
            "name": "attach-to-scheduler",
            "policy_arn": "arn:aws:iam::aws:policy/AmazonEC2FullAccess",
            "roles": [
              "scheduler-role"
            ],
            "users": null
          },
          "private": "bnVsbA==",
          "depends_on": [
            "aws_iam_role.scheduler-role"
          ]
        }
      ]
    },
    {
      "mode": "managed",
      "type": "aws_iam_role",
      "name": "scheduler-role",
      "provider": "provider.aws",
      "instances": [
        {
          "schema_version": 0,
          "attributes": {
            "arn": "arn:aws:iam::935605334497:role/scheduler-role",
            "assume_role_policy": "{\"Version\":\"2012-10-17\",\"Statement\":[{\"Sid\":\"\",\"Effect\":\"Allow\",\"Principal\":{\"Service\":\"ec2.amazonaws.com\"},\"Action\":\"sts:AssumeRole\"}]}",
            "create_date": "2019-07-30T21:33:21Z",
            "description": "",
            "force_detach_policies": false,
            "id": "scheduler-role",
            "max_session_duration": 3600,
            "name": "scheduler-role",
            "name_prefix": null,
            "path": "/",
            "permissions_boundary": null,
            "tags": null,
            "unique_id": "AROA5TVTMOHQUH4NLJO4C"
          },
          "private": "bnVsbA=="
        }
      ]
    },
    {
      "mode": "managed",
      "type": "aws_instance",
      "name": "test",
      "provider": "provider.aws",
      "instances": [
        {
          "schema_version": 1,
          "attributes": {
            "ami": "ami-0f2176987ee50226e",
            "arn": "arn:aws:ec2:us-west-2:935605334497:instance/i-00363f43472d02625",
            "associate_public_ip_address": true,
            "availability_zone": "us-west-2b",
            "cpu_core_count": 1,
            "cpu_threads_per_core": 1,
            "credit_specification": [
              {
                "cpu_credits": "standard"
              }
            ],
            "disable_api_termination": false,
            "ebs_block_device": [],
            "ebs_optimized": false,
            "ephemeral_block_device": [],
            "get_password_data": false,
            "host_id": null,
            "iam_instance_profile": "scheduler-profile",
            "id": "i-00363f43472d02625",
            "instance_initiated_shutdown_behavior": null,
            "instance_state": "running",
            "instance_type": "t2.micro",
            "ipv6_address_count": 0,
            "ipv6_addresses": [],
            "key_name": "se-devops-test",
            "monitoring": false,
            "network_interface": [],
            "network_interface_id": null,
            "password_data": "",
            "placement_group": "",
            "primary_network_interface_id": "eni-069d45a8591ac61fc",
            "private_dns": "ip-172-31-41-213.us-west-2.compute.internal",
            "private_ip": "172.31.41.213",
            "public_dns": "ec2-34-222-16-231.us-west-2.compute.amazonaws.com",
            "public_ip": "34.222.16.231",
            "root_block_device": [
              {
                "delete_on_termination": true,
                "iops": 100,
                "volume_id": "vol-0d61c0054daaa5710",
                "volume_size": 8,
                "volume_type": "gp2"
              }
            ],
            "security_groups": [
              "default"
            ],
            "source_dest_check": true,
            "subnet_id": "subnet-bb4fc1de",
            "tags": {
              "Name": "Scheduler-Api"
            },
            "tenancy": "default",
            "timeouts": null,
            "user_data": "c81eb3deae95655131622146e3eda167fa31e34a",
            "user_data_base64": null,
            "volume_tags": {},
            "vpc_security_group_ids": [
              "sg-0c8ea569"
            ]
          },
          "private": "eyJlMmJmYjczMC1lY2FhLTExZTYtOGY4OC0zNDM2M2JjN2M0YzAiOnsiY3JlYXRlIjo2MDAwMDAwMDAwMDAsImRlbGV0ZSI6MTIwMDAwMDAwMDAwMCwidXBkYXRlIjo2MDAwMDAwMDAwMDB9LCJzY2hlbWFfdmVyc2lvbiI6IjEifQ==",
          "depends_on": [
            "data.aws_ami.amazon-linux-2"
          ]
        }
      ]
    }
  ]
}
